// !$*UTF8*$!
{
	archiveVersion = 1;
	classes = {
	};
	objectVersion = 50;
	objects = {

/* Begin PBXBuildFile section */
		391EF3FC2514ECDB005AACA3 /* KeyInputController.swift in Sources */ = {isa = PBXBuildFile; fileRef = 391EF3FB2514ECDB005AACA3 /* KeyInputController.swift */; };
		391EF4042515925B005AACA3 /* KeyInputControllerTests.swift in Sources */ = {isa = PBXBuildFile; fileRef = 391EF4032515925B005AACA3 /* KeyInputControllerTests.swift */; };
		391EF416251598A0005AACA3 /* Mocks.swift in Sources */ = {isa = PBXBuildFile; fileRef = 391EF40B25159844005AACA3 /* Mocks.swift */; };
		3927B35426772ADA00B6A544 /* SnapshotHelper.swift in Sources */ = {isa = PBXBuildFile; fileRef = 3927B35326772ADA00B6A544 /* SnapshotHelper.swift */; };
		3927B35626773DE800B6A544 /* AppStoreSnapshots.swift in Sources */ = {isa = PBXBuildFile; fileRef = 3927B35526773DE800B6A544 /* AppStoreSnapshots.swift */; };
		39301729276B906100986D6B /* NumericPadView.swift in Sources */ = {isa = PBXBuildFile; fileRef = 39301728276B906100986D6B /* NumericPadView.swift */; };
		3930172B276B94B200986D6B /* NumericPadViewModel.swift in Sources */ = {isa = PBXBuildFile; fileRef = 3930172A276B94B200986D6B /* NumericPadViewModel.swift */; };
		3930172D276BA67F00986D6B /* NumericPadResult.swift in Sources */ = {isa = PBXBuildFile; fileRef = 3930172C276BA67F00986D6B /* NumericPadResult.swift */; };
		39301732276BB3E200986D6B /* ContentViewModelTests.swift in Sources */ = {isa = PBXBuildFile; fileRef = 39301730276BB37900986D6B /* ContentViewModelTests.swift */; };
		39301733276BB3E800986D6B /* MockNumericPadDelegate.swift in Sources */ = {isa = PBXBuildFile; fileRef = 3930172E276BAEC700986D6B /* MockNumericPadDelegate.swift */; };
		3950E30A2777A55D0050DB54 /* HImageButton.swift in Sources */ = {isa = PBXBuildFile; fileRef = 3950E3092777A55D0050DB54 /* HImageButton.swift */; };
		39536D8B2500A07F00855091 /* ContentViewModel.swift in Sources */ = {isa = PBXBuildFile; fileRef = 39536D8A2500A07F00855091 /* ContentViewModel.swift */; };
		39536D8D2500A09D00855091 /* HButton.swift in Sources */ = {isa = PBXBuildFile; fileRef = 39536D8C2500A09D00855091 /* HButton.swift */; };
		39536D902500A0B700855091 /* HButtonStyle.swift in Sources */ = {isa = PBXBuildFile; fileRef = 39536D8F2500A0B700855091 /* HButtonStyle.swift */; };
		39536D932500A0E600855091 /* Color+AppColors.swift in Sources */ = {isa = PBXBuildFile; fileRef = 39536D922500A0E600855091 /* Color+AppColors.swift */; };
		39536D9D2500A21800855091 /* NumericPadViewModelTests.swift in Sources */ = {isa = PBXBuildFile; fileRef = 39536D9C2500A21800855091 /* NumericPadViewModelTests.swift */; };
		39DE226125009FBB0022FBB3 /* AppDelegate.swift in Sources */ = {isa = PBXBuildFile; fileRef = 39DE226025009FBB0022FBB3 /* AppDelegate.swift */; };
		39DE226325009FBB0022FBB3 /* SceneDelegate.swift in Sources */ = {isa = PBXBuildFile; fileRef = 39DE226225009FBB0022FBB3 /* SceneDelegate.swift */; };
		39DE226525009FBB0022FBB3 /* ContentView.swift in Sources */ = {isa = PBXBuildFile; fileRef = 39DE226425009FBB0022FBB3 /* ContentView.swift */; };
		39DE226725009FBC0022FBB3 /* Assets.xcassets in Resources */ = {isa = PBXBuildFile; fileRef = 39DE226625009FBC0022FBB3 /* Assets.xcassets */; };
		39DE226A25009FBC0022FBB3 /* Preview Assets.xcassets in Resources */ = {isa = PBXBuildFile; fileRef = 39DE226925009FBC0022FBB3 /* Preview Assets.xcassets */; };
		39DE226D25009FBC0022FBB3 /* LaunchScreen.storyboard in Resources */ = {isa = PBXBuildFile; fileRef = 39DE226B25009FBC0022FBB3 /* LaunchScreen.storyboard */; };
		39E7BCC92500A647002426AB /* HCalculatorUITests.swift in Sources */ = {isa = PBXBuildFile; fileRef = 39E7BCC82500A647002426AB /* HCalculatorUITests.swift */; };
/* End PBXBuildFile section */

/* Begin PBXContainerItemProxy section */
		39536D9F2500A21800855091 /* PBXContainerItemProxy */ = {
			isa = PBXContainerItemProxy;
			containerPortal = 39DE225525009FBB0022FBB3 /* Project object */;
			proxyType = 1;
			remoteGlobalIDString = 39DE225C25009FBB0022FBB3;
			remoteInfo = HCalculator;
		};
		39E7BCCB2500A647002426AB /* PBXContainerItemProxy */ = {
			isa = PBXContainerItemProxy;
			containerPortal = 39DE225525009FBB0022FBB3 /* Project object */;
			proxyType = 1;
			remoteGlobalIDString = 39DE225C25009FBB0022FBB3;
			remoteInfo = HCalculator;
		};
/* End PBXContainerItemProxy section */

/* Begin PBXFileReference section */
		391EF3FB2514ECDB005AACA3 /* KeyInputController.swift */ = {isa = PBXFileReference; lastKnownFileType = sourcecode.swift; path = KeyInputController.swift; sourceTree = "<group>"; };
		391EF4032515925B005AACA3 /* KeyInputControllerTests.swift */ = {isa = PBXFileReference; lastKnownFileType = sourcecode.swift; path = KeyInputControllerTests.swift; sourceTree = "<group>"; };
		391EF40B25159844005AACA3 /* Mocks.swift */ = {isa = PBXFileReference; lastKnownFileType = sourcecode.swift; path = Mocks.swift; sourceTree = "<group>"; };
		3927B35326772ADA00B6A544 /* SnapshotHelper.swift */ = {isa = PBXFileReference; fileEncoding = 4; lastKnownFileType = sourcecode.swift; name = SnapshotHelper.swift; path = fastlane/SnapshotHelper.swift; sourceTree = SOURCE_ROOT; };
		3927B35526773DE800B6A544 /* AppStoreSnapshots.swift */ = {isa = PBXFileReference; lastKnownFileType = sourcecode.swift; path = AppStoreSnapshots.swift; sourceTree = "<group>"; };
		39301728276B906100986D6B /* NumericPadView.swift */ = {isa = PBXFileReference; lastKnownFileType = sourcecode.swift; path = NumericPadView.swift; sourceTree = "<group>"; };
		3930172A276B94B200986D6B /* NumericPadViewModel.swift */ = {isa = PBXFileReference; lastKnownFileType = sourcecode.swift; path = NumericPadViewModel.swift; sourceTree = "<group>"; };
		3930172C276BA67F00986D6B /* NumericPadResult.swift */ = {isa = PBXFileReference; lastKnownFileType = sourcecode.swift; path = NumericPadResult.swift; sourceTree = "<group>"; };
		3930172E276BAEC700986D6B /* MockNumericPadDelegate.swift */ = {isa = PBXFileReference; lastKnownFileType = sourcecode.swift; path = MockNumericPadDelegate.swift; sourceTree = "<group>"; };
		39301730276BB37900986D6B /* ContentViewModelTests.swift */ = {isa = PBXFileReference; lastKnownFileType = sourcecode.swift; path = ContentViewModelTests.swift; sourceTree = "<group>"; };
		3950E3092777A55D0050DB54 /* HImageButton.swift */ = {isa = PBXFileReference; lastKnownFileType = sourcecode.swift; path = HImageButton.swift; sourceTree = "<group>"; };
		39536D882500A01E00855091 /* HCalculator.entitlements */ = {isa = PBXFileReference; lastKnownFileType = text.plist.entitlements; path = HCalculator.entitlements; sourceTree = "<group>"; };
		39536D8A2500A07F00855091 /* ContentViewModel.swift */ = {isa = PBXFileReference; lastKnownFileType = sourcecode.swift; path = ContentViewModel.swift; sourceTree = "<group>"; };
		39536D8C2500A09D00855091 /* HButton.swift */ = {isa = PBXFileReference; lastKnownFileType = sourcecode.swift; path = HButton.swift; sourceTree = "<group>"; };
		39536D8F2500A0B700855091 /* HButtonStyle.swift */ = {isa = PBXFileReference; lastKnownFileType = sourcecode.swift; path = HButtonStyle.swift; sourceTree = "<group>"; };
		39536D922500A0E600855091 /* Color+AppColors.swift */ = {isa = PBXFileReference; lastKnownFileType = sourcecode.swift; path = "Color+AppColors.swift"; sourceTree = "<group>"; };
		39536D9A2500A21800855091 /* LightCalculatorPlusTests.xctest */ = {isa = PBXFileReference; explicitFileType = wrapper.cfbundle; includeInIndex = 0; path = LightCalculatorPlusTests.xctest; sourceTree = BUILT_PRODUCTS_DIR; };
		39536D9C2500A21800855091 /* NumericPadViewModelTests.swift */ = {isa = PBXFileReference; lastKnownFileType = sourcecode.swift; path = NumericPadViewModelTests.swift; sourceTree = "<group>"; };
		39536D9E2500A21800855091 /* Info.plist */ = {isa = PBXFileReference; lastKnownFileType = text.plist.xml; path = Info.plist; sourceTree = "<group>"; };
		39DE225D25009FBB0022FBB3 /* LightCalculatorPlus.app */ = {isa = PBXFileReference; explicitFileType = wrapper.application; includeInIndex = 0; path = LightCalculatorPlus.app; sourceTree = BUILT_PRODUCTS_DIR; };
		39DE226025009FBB0022FBB3 /* AppDelegate.swift */ = {isa = PBXFileReference; lastKnownFileType = sourcecode.swift; path = AppDelegate.swift; sourceTree = "<group>"; };
		39DE226225009FBB0022FBB3 /* SceneDelegate.swift */ = {isa = PBXFileReference; lastKnownFileType = sourcecode.swift; path = SceneDelegate.swift; sourceTree = "<group>"; };
		39DE226425009FBB0022FBB3 /* ContentView.swift */ = {isa = PBXFileReference; lastKnownFileType = sourcecode.swift; path = ContentView.swift; sourceTree = "<group>"; };
		39DE226625009FBC0022FBB3 /* Assets.xcassets */ = {isa = PBXFileReference; lastKnownFileType = folder.assetcatalog; path = Assets.xcassets; sourceTree = "<group>"; };
		39DE226925009FBC0022FBB3 /* Preview Assets.xcassets */ = {isa = PBXFileReference; lastKnownFileType = folder.assetcatalog; path = "Preview Assets.xcassets"; sourceTree = "<group>"; };
		39DE226C25009FBC0022FBB3 /* Base */ = {isa = PBXFileReference; lastKnownFileType = file.storyboard; name = Base; path = Base.lproj/LaunchScreen.storyboard; sourceTree = "<group>"; };
		39DE226E25009FBC0022FBB3 /* Info.plist */ = {isa = PBXFileReference; lastKnownFileType = text.plist.xml; path = Info.plist; sourceTree = "<group>"; };
		39E7BCC62500A647002426AB /* LightCalculatorPlusUITests.xctest */ = {isa = PBXFileReference; explicitFileType = wrapper.cfbundle; includeInIndex = 0; path = LightCalculatorPlusUITests.xctest; sourceTree = BUILT_PRODUCTS_DIR; };
		39E7BCC82500A647002426AB /* HCalculatorUITests.swift */ = {isa = PBXFileReference; lastKnownFileType = sourcecode.swift; path = HCalculatorUITests.swift; sourceTree = "<group>"; };
		39E7BCCA2500A647002426AB /* Info.plist */ = {isa = PBXFileReference; lastKnownFileType = text.plist.xml; path = Info.plist; sourceTree = "<group>"; };
/* End PBXFileReference section */

/* Begin PBXFrameworksBuildPhase section */
		39536D972500A21800855091 /* Frameworks */ = {
			isa = PBXFrameworksBuildPhase;
			buildActionMask = 2147483647;
			files = (
			);
			runOnlyForDeploymentPostprocessing = 0;
		};
		39DE225A25009FBB0022FBB3 /* Frameworks */ = {
			isa = PBXFrameworksBuildPhase;
			buildActionMask = 2147483647;
			files = (
			);
			runOnlyForDeploymentPostprocessing = 0;
		};
		39E7BCC32500A647002426AB /* Frameworks */ = {
			isa = PBXFrameworksBuildPhase;
			buildActionMask = 2147483647;
			files = (
			);
			runOnlyForDeploymentPostprocessing = 0;
		};
/* End PBXFrameworksBuildPhase section */

/* Begin PBXGroup section */
		39301727276B903B00986D6B /* NumericPad */ = {
			isa = PBXGroup;
			children = (
				39301728276B906100986D6B /* NumericPadView.swift */,
				3930172A276B94B200986D6B /* NumericPadViewModel.swift */,
				3930172C276BA67F00986D6B /* NumericPadResult.swift */,
			);
			path = NumericPad;
			sourceTree = "<group>";
		};
		39536D892500A03B00855091 /* Views */ = {
			isa = PBXGroup;
			children = (
				39DE226425009FBB0022FBB3 /* ContentView.swift */,
				39536D8A2500A07F00855091 /* ContentViewModel.swift */,
				39536D8C2500A09D00855091 /* HButton.swift */,
				39536D8F2500A0B700855091 /* HButtonStyle.swift */,
				3950E3092777A55D0050DB54 /* HImageButton.swift */,
			);
			path = Views;
			sourceTree = "<group>";
		};
		39536D912500A0C800855091 /* Extensions */ = {
			isa = PBXGroup;
			children = (
				39536D922500A0E600855091 /* Color+AppColors.swift */,
			);
			path = Extensions;
			sourceTree = "<group>";
		};
		39536D9B2500A21800855091 /* HCalculatorTests */ = {
			isa = PBXGroup;
			children = (
				39536D9C2500A21800855091 /* NumericPadViewModelTests.swift */,
				39301730276BB37900986D6B /* ContentViewModelTests.swift */,
				391EF4032515925B005AACA3 /* KeyInputControllerTests.swift */,
				3930172E276BAEC700986D6B /* MockNumericPadDelegate.swift */,
				391EF40B25159844005AACA3 /* Mocks.swift */,
				39536D9E2500A21800855091 /* Info.plist */,
			);
			path = HCalculatorTests;
			sourceTree = "<group>";
		};
		39DE225425009FBB0022FBB3 = {
			isa = PBXGroup;
			children = (
				39DE225F25009FBB0022FBB3 /* HCalculator */,
				39536D9B2500A21800855091 /* HCalculatorTests */,
				39E7BCC72500A647002426AB /* HCalculatorUITests */,
				39DE225E25009FBB0022FBB3 /* Products */,
			);
			sourceTree = "<group>";
		};
		39DE225E25009FBB0022FBB3 /* Products */ = {
			isa = PBXGroup;
			children = (
				39DE225D25009FBB0022FBB3 /* LightCalculatorPlus.app */,
				39536D9A2500A21800855091 /* LightCalculatorPlusTests.xctest */,
				39E7BCC62500A647002426AB /* LightCalculatorPlusUITests.xctest */,
			);
			name = Products;
			sourceTree = "<group>";
		};
		39DE225F25009FBB0022FBB3 /* HCalculator */ = {
			isa = PBXGroup;
			children = (
				39301727276B903B00986D6B /* NumericPad */,
				39536D912500A0C800855091 /* Extensions */,
				39536D892500A03B00855091 /* Views */,
				39536D882500A01E00855091 /* HCalculator.entitlements */,
				39DE226025009FBB0022FBB3 /* AppDelegate.swift */,
				39DE226225009FBB0022FBB3 /* SceneDelegate.swift */,
				391EF3FB2514ECDB005AACA3 /* KeyInputController.swift */,
				39DE226625009FBC0022FBB3 /* Assets.xcassets */,
				39DE226B25009FBC0022FBB3 /* LaunchScreen.storyboard */,
				39DE226E25009FBC0022FBB3 /* Info.plist */,
				39DE226825009FBC0022FBB3 /* Preview Content */,
			);
			path = HCalculator;
			sourceTree = "<group>";
		};
		39DE226825009FBC0022FBB3 /* Preview Content */ = {
			isa = PBXGroup;
			children = (
				39DE226925009FBC0022FBB3 /* Preview Assets.xcassets */,
			);
			path = "Preview Content";
			sourceTree = "<group>";
		};
		39E7BCC72500A647002426AB /* HCalculatorUITests */ = {
			isa = PBXGroup;
			children = (
				3927B35326772ADA00B6A544 /* SnapshotHelper.swift */,
				39E7BCC82500A647002426AB /* HCalculatorUITests.swift */,
				3927B35526773DE800B6A544 /* AppStoreSnapshots.swift */,
				39E7BCCA2500A647002426AB /* Info.plist */,
			);
			path = HCalculatorUITests;
			sourceTree = "<group>";
		};
/* End PBXGroup section */

/* Begin PBXNativeTarget section */
		39536D992500A21800855091 /* LightCalculatorPlusTests */ = {
			isa = PBXNativeTarget;
			buildConfigurationList = 39536DA12500A21800855091 /* Build configuration list for PBXNativeTarget "LightCalculatorPlusTests" */;
			buildPhases = (
				39536D962500A21800855091 /* Sources */,
				39536D972500A21800855091 /* Frameworks */,
				39536D982500A21800855091 /* Resources */,
			);
			buildRules = (
			);
			dependencies = (
				39536DA02500A21800855091 /* PBXTargetDependency */,
			);
			name = LightCalculatorPlusTests;
			productName = HCalculatorTests;
			productReference = 39536D9A2500A21800855091 /* LightCalculatorPlusTests.xctest */;
			productType = "com.apple.product-type.bundle.unit-test";
		};
		39DE225C25009FBB0022FBB3 /* LightCalculatorPlus */ = {
			isa = PBXNativeTarget;
			buildConfigurationList = 39DE228725009FBD0022FBB3 /* Build configuration list for PBXNativeTarget "LightCalculatorPlus" */;
			buildPhases = (
				39DE225925009FBB0022FBB3 /* Sources */,
				39DE225A25009FBB0022FBB3 /* Frameworks */,
				39DE225B25009FBB0022FBB3 /* Resources */,
			);
			buildRules = (
			);
			dependencies = (
			);
			name = LightCalculatorPlus;
			productName = HCalculator;
			productReference = 39DE225D25009FBB0022FBB3 /* LightCalculatorPlus.app */;
			productType = "com.apple.product-type.application";
		};
		39E7BCC52500A647002426AB /* LightCalculatorPlusUITests */ = {
			isa = PBXNativeTarget;
			buildConfigurationList = 39E7BCCF2500A647002426AB /* Build configuration list for PBXNativeTarget "LightCalculatorPlusUITests" */;
			buildPhases = (
				39E7BCC22500A647002426AB /* Sources */,
				39E7BCC32500A647002426AB /* Frameworks */,
				39E7BCC42500A647002426AB /* Resources */,
			);
			buildRules = (
			);
			dependencies = (
				39E7BCCC2500A647002426AB /* PBXTargetDependency */,
			);
			name = LightCalculatorPlusUITests;
			productName = HCalculatorUITests;
			productReference = 39E7BCC62500A647002426AB /* LightCalculatorPlusUITests.xctest */;
			productType = "com.apple.product-type.bundle.ui-testing";
		};
/* End PBXNativeTarget section */

/* Begin PBXProject section */
		39DE225525009FBB0022FBB3 /* Project object */ = {
			isa = PBXProject;
			attributes = {
				LastSwiftUpdateCheck = 1170;
				LastUpgradeCheck = 1250;
				ORGANIZATIONNAME = "Henry Serrano";
				TargetAttributes = {
					39536D992500A21800855091 = {
						CreatedOnToolsVersion = 11.7;
						TestTargetID = 39DE225C25009FBB0022FBB3;
					};
					39DE225C25009FBB0022FBB3 = {
						CreatedOnToolsVersion = 11.7;
					};
					39E7BCC52500A647002426AB = {
						CreatedOnToolsVersion = 11.7;
						TestTargetID = 39DE225C25009FBB0022FBB3;
					};
				};
			};
			buildConfigurationList = 39DE225825009FBB0022FBB3 /* Build configuration list for PBXProject "LightCalculatorPlus" */;
			compatibilityVersion = "Xcode 9.3";
			developmentRegion = en;
			hasScannedForEncodings = 0;
			knownRegions = (
				en,
				Base,
			);
			mainGroup = 39DE225425009FBB0022FBB3;
			productRefGroup = 39DE225E25009FBB0022FBB3 /* Products */;
			projectDirPath = "";
			projectRoot = "";
			targets = (
				39DE225C25009FBB0022FBB3 /* LightCalculatorPlus */,
				39536D992500A21800855091 /* LightCalculatorPlusTests */,
				39E7BCC52500A647002426AB /* LightCalculatorPlusUITests */,
			);
		};
/* End PBXProject section */

/* Begin PBXResourcesBuildPhase section */
		39536D982500A21800855091 /* Resources */ = {
			isa = PBXResourcesBuildPhase;
			buildActionMask = 2147483647;
			files = (
			);
			runOnlyForDeploymentPostprocessing = 0;
		};
		39DE225B25009FBB0022FBB3 /* Resources */ = {
			isa = PBXResourcesBuildPhase;
			buildActionMask = 2147483647;
			files = (
				39DE226D25009FBC0022FBB3 /* LaunchScreen.storyboard in Resources */,
				39DE226A25009FBC0022FBB3 /* Preview Assets.xcassets in Resources */,
				39DE226725009FBC0022FBB3 /* Assets.xcassets in Resources */,
			);
			runOnlyForDeploymentPostprocessing = 0;
		};
		39E7BCC42500A647002426AB /* Resources */ = {
			isa = PBXResourcesBuildPhase;
			buildActionMask = 2147483647;
			files = (
			);
			runOnlyForDeploymentPostprocessing = 0;
		};
/* End PBXResourcesBuildPhase section */

/* Begin PBXSourcesBuildPhase section */
		39536D962500A21800855091 /* Sources */ = {
			isa = PBXSourcesBuildPhase;
			buildActionMask = 2147483647;
			files = (
				39301733276BB3E800986D6B /* MockNumericPadDelegate.swift in Sources */,
				39301732276BB3E200986D6B /* ContentViewModelTests.swift in Sources */,
				391EF4042515925B005AACA3 /* KeyInputControllerTests.swift in Sources */,
				39536D9D2500A21800855091 /* NumericPadViewModelTests.swift in Sources */,
				391EF416251598A0005AACA3 /* Mocks.swift in Sources */,
			);
			runOnlyForDeploymentPostprocessing = 0;
		};
		39DE225925009FBB0022FBB3 /* Sources */ = {
			isa = PBXSourcesBuildPhase;
			buildActionMask = 2147483647;
			files = (
				39536D8D2500A09D00855091 /* HButton.swift in Sources */,
				3930172D276BA67F00986D6B /* NumericPadResult.swift in Sources */,
				391EF3FC2514ECDB005AACA3 /* KeyInputController.swift in Sources */,
				39536D8B2500A07F00855091 /* ContentViewModel.swift in Sources */,
				39536D932500A0E600855091 /* Color+AppColors.swift in Sources */,
				39DE226125009FBB0022FBB3 /* AppDelegate.swift in Sources */,
				39301729276B906100986D6B /* NumericPadView.swift in Sources */,
				3930172B276B94B200986D6B /* NumericPadViewModel.swift in Sources */,
				3950E30A2777A55D0050DB54 /* HImageButton.swift in Sources */,
				39DE226325009FBB0022FBB3 /* SceneDelegate.swift in Sources */,
				39536D902500A0B700855091 /* HButtonStyle.swift in Sources */,
				39DE226525009FBB0022FBB3 /* ContentView.swift in Sources */,
			);
			runOnlyForDeploymentPostprocessing = 0;
		};
		39E7BCC22500A647002426AB /* Sources */ = {
			isa = PBXSourcesBuildPhase;
			buildActionMask = 2147483647;
			files = (
				3927B35626773DE800B6A544 /* AppStoreSnapshots.swift in Sources */,
				39E7BCC92500A647002426AB /* HCalculatorUITests.swift in Sources */,
				3927B35426772ADA00B6A544 /* SnapshotHelper.swift in Sources */,
			);
			runOnlyForDeploymentPostprocessing = 0;
		};
/* End PBXSourcesBuildPhase section */

/* Begin PBXTargetDependency section */
		39536DA02500A21800855091 /* PBXTargetDependency */ = {
			isa = PBXTargetDependency;
			target = 39DE225C25009FBB0022FBB3 /* LightCalculatorPlus */;
			targetProxy = 39536D9F2500A21800855091 /* PBXContainerItemProxy */;
		};
		39E7BCCC2500A647002426AB /* PBXTargetDependency */ = {
			isa = PBXTargetDependency;
			target = 39DE225C25009FBB0022FBB3 /* LightCalculatorPlus */;
			targetProxy = 39E7BCCB2500A647002426AB /* PBXContainerItemProxy */;
		};
/* End PBXTargetDependency section */

/* Begin PBXVariantGroup section */
		39DE226B25009FBC0022FBB3 /* LaunchScreen.storyboard */ = {
			isa = PBXVariantGroup;
			children = (
				39DE226C25009FBC0022FBB3 /* Base */,
			);
			name = LaunchScreen.storyboard;
			sourceTree = "<group>";
		};
/* End PBXVariantGroup section */

/* Begin XCBuildConfiguration section */
		39536DA22500A21800855091 /* Debug */ = {
			isa = XCBuildConfiguration;
			buildSettings = {
				BUNDLE_LOADER = "$(TEST_HOST)";
				"CODE_SIGN_IDENTITY[sdk=macosx*]" = "-";
				CODE_SIGN_STYLE = Automatic;
				DEVELOPMENT_TEAM = ALNMC88BA5;
				INFOPLIST_FILE = HCalculatorTests/Info.plist;
				IPHONEOS_DEPLOYMENT_TARGET = 13.0;
				LD_RUNPATH_SEARCH_PATHS = (
					"$(inherited)",
					"@executable_path/Frameworks",
					"@loader_path/Frameworks",
				);
				PRODUCT_BUNDLE_IDENTIFIER = com.henryforce.HCalculatorTests;
				PRODUCT_NAME = "$(TARGET_NAME)";
				SWIFT_VERSION = 5.0;
				TARGETED_DEVICE_FAMILY = "1,2";
				TEST_HOST = "$(BUILT_PRODUCTS_DIR)/LightCalculatorPlus.app/LightCalculatorPlus";
			};
			name = Debug;
		};
		39536DA32500A21800855091 /* Release */ = {
			isa = XCBuildConfiguration;
			buildSettings = {
				BUNDLE_LOADER = "$(TEST_HOST)";
				"CODE_SIGN_IDENTITY[sdk=macosx*]" = "-";
				CODE_SIGN_STYLE = Automatic;
				DEVELOPMENT_TEAM = ALNMC88BA5;
				INFOPLIST_FILE = HCalculatorTests/Info.plist;
				IPHONEOS_DEPLOYMENT_TARGET = 13.0;
				LD_RUNPATH_SEARCH_PATHS = (
					"$(inherited)",
					"@executable_path/Frameworks",
					"@loader_path/Frameworks",
				);
				PRODUCT_BUNDLE_IDENTIFIER = com.henryforce.HCalculatorTests;
				PRODUCT_NAME = "$(TARGET_NAME)";
				SWIFT_VERSION = 5.0;
				TARGETED_DEVICE_FAMILY = "1,2";
				TEST_HOST = "$(BUILT_PRODUCTS_DIR)/LightCalculatorPlus.app/LightCalculatorPlus";
			};
			name = Release;
		};
		39DE228525009FBD0022FBB3 /* Debug */ = {
			isa = XCBuildConfiguration;
			buildSettings = {
				ALWAYS_SEARCH_USER_PATHS = NO;
				CLANG_ANALYZER_NONNULL = YES;
				CLANG_ANALYZER_NUMBER_OBJECT_CONVERSION = YES_AGGRESSIVE;
				CLANG_CXX_LANGUAGE_STANDARD = "gnu++14";
				CLANG_CXX_LIBRARY = "libc++";
				CLANG_ENABLE_MODULES = YES;
				CLANG_ENABLE_OBJC_ARC = YES;
				CLANG_ENABLE_OBJC_WEAK = YES;
				CLANG_WARN_BLOCK_CAPTURE_AUTORELEASING = YES;
				CLANG_WARN_BOOL_CONVERSION = YES;
				CLANG_WARN_COMMA = YES;
				CLANG_WARN_CONSTANT_CONVERSION = YES;
				CLANG_WARN_DEPRECATED_OBJC_IMPLEMENTATIONS = YES;
				CLANG_WARN_DIRECT_OBJC_ISA_USAGE = YES_ERROR;
				CLANG_WARN_DOCUMENTATION_COMMENTS = YES;
				CLANG_WARN_EMPTY_BODY = YES;
				CLANG_WARN_ENUM_CONVERSION = YES;
				CLANG_WARN_INFINITE_RECURSION = YES;
				CLANG_WARN_INT_CONVERSION = YES;
				CLANG_WARN_NON_LITERAL_NULL_CONVERSION = YES;
				CLANG_WARN_OBJC_IMPLICIT_RETAIN_SELF = YES;
				CLANG_WARN_OBJC_LITERAL_CONVERSION = YES;
				CLANG_WARN_OBJC_ROOT_CLASS = YES_ERROR;
				CLANG_WARN_QUOTED_INCLUDE_IN_FRAMEWORK_HEADER = YES;
				CLANG_WARN_RANGE_LOOP_ANALYSIS = YES;
				CLANG_WARN_STRICT_PROTOTYPES = YES;
				CLANG_WARN_SUSPICIOUS_MOVE = YES;
				CLANG_WARN_UNGUARDED_AVAILABILITY = YES_AGGRESSIVE;
				CLANG_WARN_UNREACHABLE_CODE = YES;
				CLANG_WARN__DUPLICATE_METHOD_MATCH = YES;
				COPY_PHASE_STRIP = NO;
				DEBUG_INFORMATION_FORMAT = dwarf;
				ENABLE_STRICT_OBJC_MSGSEND = YES;
				ENABLE_TESTABILITY = YES;
				GCC_C_LANGUAGE_STANDARD = gnu11;
				GCC_DYNAMIC_NO_PIC = NO;
				GCC_NO_COMMON_BLOCKS = YES;
				GCC_OPTIMIZATION_LEVEL = 0;
				GCC_PREPROCESSOR_DEFINITIONS = (
					"DEBUG=1",
					"$(inherited)",
				);
				GCC_WARN_64_TO_32_BIT_CONVERSION = YES;
				GCC_WARN_ABOUT_RETURN_TYPE = YES_ERROR;
				GCC_WARN_UNDECLARED_SELECTOR = YES;
				GCC_WARN_UNINITIALIZED_AUTOS = YES_AGGRESSIVE;
				GCC_WARN_UNUSED_FUNCTION = YES;
				GCC_WARN_UNUSED_VARIABLE = YES;
				IPHONEOS_DEPLOYMENT_TARGET = 13.0;
				MTL_ENABLE_DEBUG_INFO = INCLUDE_SOURCE;
				MTL_FAST_MATH = YES;
				ONLY_ACTIVE_ARCH = YES;
				SDKROOT = iphoneos;
				SWIFT_ACTIVE_COMPILATION_CONDITIONS = DEBUG;
				SWIFT_OPTIMIZATION_LEVEL = "-Onone";
			};
			name = Debug;
		};
		39DE228625009FBD0022FBB3 /* Release */ = {
			isa = XCBuildConfiguration;
			buildSettings = {
				ALWAYS_SEARCH_USER_PATHS = NO;
				CLANG_ANALYZER_NONNULL = YES;
				CLANG_ANALYZER_NUMBER_OBJECT_CONVERSION = YES_AGGRESSIVE;
				CLANG_CXX_LANGUAGE_STANDARD = "gnu++14";
				CLANG_CXX_LIBRARY = "libc++";
				CLANG_ENABLE_MODULES = YES;
				CLANG_ENABLE_OBJC_ARC = YES;
				CLANG_ENABLE_OBJC_WEAK = YES;
				CLANG_WARN_BLOCK_CAPTURE_AUTORELEASING = YES;
				CLANG_WARN_BOOL_CONVERSION = YES;
				CLANG_WARN_COMMA = YES;
				CLANG_WARN_CONSTANT_CONVERSION = YES;
				CLANG_WARN_DEPRECATED_OBJC_IMPLEMENTATIONS = YES;
				CLANG_WARN_DIRECT_OBJC_ISA_USAGE = YES_ERROR;
				CLANG_WARN_DOCUMENTATION_COMMENTS = YES;
				CLANG_WARN_EMPTY_BODY = YES;
				CLANG_WARN_ENUM_CONVERSION = YES;
				CLANG_WARN_INFINITE_RECURSION = YES;
				CLANG_WARN_INT_CONVERSION = YES;
				CLANG_WARN_NON_LITERAL_NULL_CONVERSION = YES;
				CLANG_WARN_OBJC_IMPLICIT_RETAIN_SELF = YES;
				CLANG_WARN_OBJC_LITERAL_CONVERSION = YES;
				CLANG_WARN_OBJC_ROOT_CLASS = YES_ERROR;
				CLANG_WARN_QUOTED_INCLUDE_IN_FRAMEWORK_HEADER = YES;
				CLANG_WARN_RANGE_LOOP_ANALYSIS = YES;
				CLANG_WARN_STRICT_PROTOTYPES = YES;
				CLANG_WARN_SUSPICIOUS_MOVE = YES;
				CLANG_WARN_UNGUARDED_AVAILABILITY = YES_AGGRESSIVE;
				CLANG_WARN_UNREACHABLE_CODE = YES;
				CLANG_WARN__DUPLICATE_METHOD_MATCH = YES;
				COPY_PHASE_STRIP = NO;
				DEBUG_INFORMATION_FORMAT = "dwarf-with-dsym";
				ENABLE_NS_ASSERTIONS = NO;
				ENABLE_STRICT_OBJC_MSGSEND = YES;
				GCC_C_LANGUAGE_STANDARD = gnu11;
				GCC_NO_COMMON_BLOCKS = YES;
				GCC_WARN_64_TO_32_BIT_CONVERSION = YES;
				GCC_WARN_ABOUT_RETURN_TYPE = YES_ERROR;
				GCC_WARN_UNDECLARED_SELECTOR = YES;
				GCC_WARN_UNINITIALIZED_AUTOS = YES_AGGRESSIVE;
				GCC_WARN_UNUSED_FUNCTION = YES;
				GCC_WARN_UNUSED_VARIABLE = YES;
				IPHONEOS_DEPLOYMENT_TARGET = 13.0;
				MTL_ENABLE_DEBUG_INFO = NO;
				MTL_FAST_MATH = YES;
				SDKROOT = iphoneos;
				SWIFT_COMPILATION_MODE = wholemodule;
				SWIFT_OPTIMIZATION_LEVEL = "-O";
				VALIDATE_PRODUCT = YES;
			};
			name = Release;
		};
		39DE228825009FBD0022FBB3 /* Debug */ = {
			isa = XCBuildConfiguration;
			buildSettings = {
				ASSETCATALOG_COMPILER_APPICON_NAME = AppIcon;
				CODE_SIGN_ENTITLEMENTS = HCalculator/HCalculator.entitlements;
				"CODE_SIGN_IDENTITY[sdk=macosx*]" = "-";
				CODE_SIGN_STYLE = Automatic;
				CURRENT_PROJECT_VERSION = 11;
				DEVELOPMENT_ASSET_PATHS = "\"HCalculator/Preview Content\"";
				DEVELOPMENT_TEAM = ALNMC88BA5;
				ENABLE_PREVIEWS = YES;
				INFOPLIST_FILE = HCalculator/Info.plist;
				LD_RUNPATH_SEARCH_PATHS = (
					"$(inherited)",
					"@executable_path/Frameworks",
				);
				MARKETING_VERSION = 1.2.1;
				PRODUCT_BUNDLE_IDENTIFIER = com.henryforce.BasicCalculator;
				PRODUCT_NAME = "$(TARGET_NAME)";
				SUPPORTED_PLATFORMS = "iphoneos iphonesimulator";
				SUPPORTS_MACCATALYST = YES;
				SUPPORTS_MAC_DESIGNED_FOR_IPHONE_IPAD = NO;
				SWIFT_VERSION = 5.0;
				TARGETED_DEVICE_FAMILY = "1,2";
			};
			name = Debug;
		};
		39DE228925009FBD0022FBB3 /* Release */ = {
			isa = XCBuildConfiguration;
			buildSettings = {
				ASSETCATALOG_COMPILER_APPICON_NAME = AppIcon;
				CODE_SIGN_ENTITLEMENTS = HCalculator/HCalculator.entitlements;
				"CODE_SIGN_IDENTITY[sdk=macosx*]" = "-";
				CODE_SIGN_STYLE = Automatic;
				CURRENT_PROJECT_VERSION = 11;
				DEVELOPMENT_ASSET_PATHS = "\"HCalculator/Preview Content\"";
				DEVELOPMENT_TEAM = ALNMC88BA5;
				ENABLE_PREVIEWS = YES;
				INFOPLIST_FILE = HCalculator/Info.plist;
				LD_RUNPATH_SEARCH_PATHS = (
					"$(inherited)",
					"@executable_path/Frameworks",
				);
				MARKETING_VERSION = 1.2.1;
				PRODUCT_BUNDLE_IDENTIFIER = com.henryforce.BasicCalculator;
				PRODUCT_NAME = "$(TARGET_NAME)";
				SUPPORTED_PLATFORMS = "iphoneos iphonesimulator";
				SUPPORTS_MACCATALYST = YES;
				SUPPORTS_MAC_DESIGNED_FOR_IPHONE_IPAD = NO;
				SWIFT_VERSION = 5.0;
				TARGETED_DEVICE_FAMILY = "1,2";
			};
			name = Release;
		};
		39E7BCCD2500A647002426AB /* Debug */ = {
			isa = XCBuildConfiguration;
			buildSettings = {
				CODE_SIGN_STYLE = Automatic;
				DEVELOPMENT_TEAM = ALNMC88BA5;
				INFOPLIST_FILE = HCalculatorUITests/Info.plist;
				IPHONEOS_DEPLOYMENT_TARGET = 13.7;
				LD_RUNPATH_SEARCH_PATHS = (
					"$(inherited)",
					"@executable_path/Frameworks",
					"@loader_path/Frameworks",
				);
				PRODUCT_BUNDLE_IDENTIFIER = com.henryforce.HCalculatorUITests;
				PRODUCT_NAME = "$(TARGET_NAME)";
				PROVISIONING_PROFILE = "";
				SWIFT_VERSION = 5.0;
				TARGETED_DEVICE_FAMILY = "1,2";
				TEST_TARGET_NAME = LightCalculatorPlus;
			};
			name = Debug;
		};
		39E7BCCE2500A647002426AB /* Release */ = {
			isa = XCBuildConfiguration;
			buildSettings = {
				CODE_SIGN_STYLE = Automatic;
				DEVELOPMENT_TEAM = ALNMC88BA5;
				INFOPLIST_FILE = HCalculatorUITests/Info.plist;
				IPHONEOS_DEPLOYMENT_TARGET = 13.7;
				LD_RUNPATH_SEARCH_PATHS = (
					"$(inherited)",
					"@executable_path/Frameworks",
					"@loader_path/Frameworks",
				);
				PRODUCT_BUNDLE_IDENTIFIER = com.henryforce.HCalculatorUITests;
				PRODUCT_NAME = "$(TARGET_NAME)";
				PROVISIONING_PROFILE = "";
				SWIFT_VERSION = 5.0;
				TARGETED_DEVICE_FAMILY = "1,2";
				TEST_TARGET_NAME = LightCalculatorPlus;
			};
			name = Release;
		};
/* End XCBuildConfiguration section */

/* Begin XCConfigurationList section */
		39536DA12500A21800855091 /* Build configuration list for PBXNativeTarget "LightCalculatorPlusTests" */ = {
			isa = XCConfigurationList;
			buildConfigurations = (
				39536DA22500A21800855091 /* Debug */,
				39536DA32500A21800855091 /* Release */,
			);
			defaultConfigurationIsVisible = 0;
			defaultConfigurationName = Release;
		};
		39DE225825009FBB0022FBB3 /* Build configuration list for PBXProject "LightCalculatorPlus" */ = {
			isa = XCConfigurationList;
			buildConfigurations = (
				39DE228525009FBD0022FBB3 /* Debug */,
				39DE228625009FBD0022FBB3 /* Release */,
			);
			defaultConfigurationIsVisible = 0;
			defaultConfigurationName = Release;
		};
		39DE228725009FBD0022FBB3 /* Build configuration list for PBXNativeTarget "LightCalculatorPlus" */ = {
			isa = XCConfigurationList;
			buildConfigurations = (
				39DE228825009FBD0022FBB3 /* Debug */,
				39DE228925009FBD0022FBB3 /* Release */,
			);
			defaultConfigurationIsVisible = 0;
			defaultConfigurationName = Release;
		};
		39E7BCCF2500A647002426AB /* Build configuration list for PBXNativeTarget "LightCalculatorPlusUITests" */ = {
			isa = XCConfigurationList;
			buildConfigurations = (
				39E7BCCD2500A647002426AB /* Debug */,
				39E7BCCE2500A647002426AB /* Release */,
			);
			defaultConfigurationIsVisible = 0;
			defaultConfigurationName = Release;
		};
/* End XCConfigurationList section */
	};
	rootObject = 39DE225525009FBB0022FBB3 /* Project object */;
}
